// !$*UTF8*$!
{
	archiveVersion = 1;
	classes = {
	};
	objectVersion = 46;
	objects = {

/* Begin PBXBuildFile section */
		3FE5BFA51F8EDF0A00ED26DE /* AppDelegate.swift in Sources */ = {isa = PBXBuildFile; fileRef = 3FE5BFA41F8EDF0A00ED26DE /* AppDelegate.swift */; };
		3FE5BFAA1F8EDF0A00ED26DE /* Main.storyboard in Resources */ = {isa = PBXBuildFile; fileRef = 3FE5BFA81F8EDF0A00ED26DE /* Main.storyboard */; };
		3FE5BFAC1F8EDF0A00ED26DE /* Assets.xcassets in Resources */ = {isa = PBXBuildFile; fileRef = 3FE5BFAB1F8EDF0A00ED26DE /* Assets.xcassets */; };
		3FE5BFAF1F8EDF0A00ED26DE /* LaunchScreen.storyboard in Resources */ = {isa = PBXBuildFile; fileRef = 3FE5BFAD1F8EDF0A00ED26DE /* LaunchScreen.storyboard */; };
		3FE5BFB71F8EDF9500ED26DE /* DatePickerViewController.swift in Sources */ = {isa = PBXBuildFile; fileRef = 3FE5BFB61F8EDF9500ED26DE /* DatePickerViewController.swift */; };
		3FE5BFB91F8EDFA700ED26DE /* SingleComponentPickerViewController.swift in Sources */ = {isa = PBXBuildFile; fileRef = 3FE5BFB81F8EDFA700ED26DE /* SingleComponentPickerViewController.swift */; };
		3FE5BFBB1F8EDFB800ED26DE /* DoubleComponentViewController.swift in Sources */ = {isa = PBXBuildFile; fileRef = 3FE5BFBA1F8EDFB800ED26DE /* DoubleComponentViewController.swift */; };
		3FE5BFBD1F8EDFC700ED26DE /* DependentComponentPickerViewController.swift in Sources */ = {isa = PBXBuildFile; fileRef = 3FE5BFBC1F8EDFC700ED26DE /* DependentComponentPickerViewController.swift */; };
		3FE5BFBF1F8EDFD100ED26DE /* CustomPickerViewController.swift in Sources */ = {isa = PBXBuildFile; fileRef = 3FE5BFBE1F8EDFD100ED26DE /* CustomPickerViewController.swift */; };
		3FE5BFC11F8F02ED00ED26DE /* statedictionary.plist in Resources */ = {isa = PBXBuildFile; fileRef = 3FE5BFC01F8F02ED00ED26DE /* statedictionary.plist */; };
/* End PBXBuildFile section */

/* Begin PBXFileReference section */
		3FE5BFA11F8EDF0A00ED26DE /* MAPD714-F2017-PickersTab.app */ = {isa = PBXFileReference; explicitFileType = wrapper.application; includeInIndex = 0; path = "MAPD714-F2017-PickersTab.app"; sourceTree = BUILT_PRODUCTS_DIR; };
		3FE5BFA41F8EDF0A00ED26DE /* AppDelegate.swift */ = {isa = PBXFileReference; lastKnownFileType = sourcecode.swift; path = AppDelegate.swift; sourceTree = "<group>"; };
		3FE5BFA91F8EDF0A00ED26DE /* Base */ = {isa = PBXFileReference; lastKnownFileType = file.storyboard; name = Base; path = Base.lproj/Main.storyboard; sourceTree = "<group>"; };
		3FE5BFAB1F8EDF0A00ED26DE /* Assets.xcassets */ = {isa = PBXFileReference; lastKnownFileType = folder.assetcatalog; path = Assets.xcassets; sourceTree = "<group>"; };
		3FE5BFAE1F8EDF0A00ED26DE /* Base */ = {isa = PBXFileReference; lastKnownFileType = file.storyboard; name = Base; path = Base.lproj/LaunchScreen.storyboard; sourceTree = "<group>"; };
		3FE5BFB01F8EDF0A00ED26DE /* Info.plist */ = {isa = PBXFileReference; lastKnownFileType = text.plist.xml; path = Info.plist; sourceTree = "<group>"; };
		3FE5BFB61F8EDF9500ED26DE /* DatePickerViewController.swift */ = {isa = PBXFileReference; fileEncoding = 4; lastKnownFileType = sourcecode.swift; path = DatePickerViewController.swift; sourceTree = "<group>"; };
		3FE5BFB81F8EDFA700ED26DE /* SingleComponentPickerViewController.swift */ = {isa = PBXFileReference; fileEncoding = 4; lastKnownFileType = sourcecode.swift; path = SingleComponentPickerViewController.swift; sourceTree = "<group>"; };
		3FE5BFBA1F8EDFB800ED26DE /* DoubleComponentViewController.swift */ = {isa = PBXFileReference; fileEncoding = 4; lastKnownFileType = sourcecode.swift; path = DoubleComponentViewController.swift; sourceTree = "<group>"; };
		3FE5BFBC1F8EDFC700ED26DE /* DependentComponentPickerViewController.swift */ = {isa = PBXFileReference; fileEncoding = 4; lastKnownFileType = sourcecode.swift; path = DependentComponentPickerViewController.swift; sourceTree = "<group>"; };
		3FE5BFBE1F8EDFD100ED26DE /* CustomPickerViewController.swift */ = {isa = PBXFileReference; fileEncoding = 4; lastKnownFileType = sourcecode.swift; path = CustomPickerViewController.swift; sourceTree = "<group>"; };
		3FE5BFC01F8F02ED00ED26DE /* statedictionary.plist */ = {isa = PBXFileReference; fileEncoding = 4; lastKnownFileType = text.plist.xml; path = statedictionary.plist; sourceTree = "<group>"; };
/* End PBXFileReference section */

/* Begin PBXFrameworksBuildPhase section */
		3FE5BF9E1F8EDF0A00ED26DE /* Frameworks */ = {
			isa = PBXFrameworksBuildPhase;
			buildActionMask = 2147483647;
			files = (
			);
			runOnlyForDeploymentPostprocessing = 0;
		};
/* End PBXFrameworksBuildPhase section */

/* Begin PBXGroup section */
		3FE5BF981F8EDF0A00ED26DE = {
			isa = PBXGroup;
			children = (
				3FE5BFA31F8EDF0A00ED26DE /* MAPD714-F2017-PickersTab */,
				3FE5BFA21F8EDF0A00ED26DE /* Products */,
			);
			sourceTree = "<group>";
		};
		3FE5BFA21F8EDF0A00ED26DE /* Products */ = {
			isa = PBXGroup;
			children = (
				3FE5BFA11F8EDF0A00ED26DE /* MAPD714-F2017-PickersTab.app */,
			);
			name = Products;
			sourceTree = "<group>";
		};
		3FE5BFA31F8EDF0A00ED26DE /* MAPD714-F2017-PickersTab */ = {
			isa = PBXGroup;
			children = (
				3FE5BFA41F8EDF0A00ED26DE /* AppDelegate.swift */,
				3FE5BFB61F8EDF9500ED26DE /* DatePickerViewController.swift */,
				3FE5BFB81F8EDFA700ED26DE /* SingleComponentPickerViewController.swift */,
				3FE5BFBA1F8EDFB800ED26DE /* DoubleComponentViewController.swift */,
				3FE5BFBC1F8EDFC700ED26DE /* DependentComponentPickerViewController.swift */,
				3FE5BFBE1F8EDFD100ED26DE /* CustomPickerViewController.swift */,
				3FE5BFA81F8EDF0A00ED26DE /* Main.storyboard */,
				3FE5BFAB1F8EDF0A00ED26DE /* Assets.xcassets */,
				3FE5BFAD1F8EDF0A00ED26DE /* LaunchScreen.storyboard */,
				3FE5BFB01F8EDF0A00ED26DE /* Info.plist */,
				3FE5BFC01F8F02ED00ED26DE /* statedictionary.plist */,
			);
			path = "MAPD714-F2017-PickersTab";
			sourceTree = "<group>";
		};
/* End PBXGroup section */

/* Begin PBXNativeTarget section */
		3FE5BFA01F8EDF0A00ED26DE /* MAPD714-F2017-PickersTab */ = {
			isa = PBXNativeTarget;
			buildConfigurationList = 3FE5BFB31F8EDF0A00ED26DE /* Build configuration list for PBXNativeTarget "MAPD714-F2017-PickersTab" */;
			buildPhases = (
				3FE5BF9D1F8EDF0A00ED26DE /* Sources */,
				3FE5BF9E1F8EDF0A00ED26DE /* Frameworks */,
				3FE5BF9F1F8EDF0A00ED26DE /* Resources */,
			);
			buildRules = (
			);
			dependencies = (
			);
			name = "MAPD714-F2017-PickersTab";
			productName = "MAPD714-F2017-PickersTab";
			productReference = 3FE5BFA11F8EDF0A00ED26DE /* MAPD714-F2017-PickersTab.app */;
			productType = "com.apple.product-type.application";
		};
/* End PBXNativeTarget section */

/* Begin PBXProject section */
		3FE5BF991F8EDF0A00ED26DE /* Project object */ = {
			isa = PBXProject;
			attributes = {
				LastSwiftUpdateCheck = 0820;
				LastUpgradeCheck = 0820;
				ORGANIZATIONNAME = "Rafael Matos";
				TargetAttributes = {
					3FE5BFA01F8EDF0A00ED26DE = {
						CreatedOnToolsVersion = 8.2.1;
						DevelopmentTeam = 2BULHRS882;
						ProvisioningStyle = Automatic;
					};
				};
			};
			buildConfigurationList = 3FE5BF9C1F8EDF0A00ED26DE /* Build configuration list for PBXProject "MAPD714-F2017-PickersTab" */;
			compatibilityVersion = "Xcode 3.2";
			developmentRegion = English;
			hasScannedForEncodings = 0;
			knownRegions = (
				en,
				Base,
			);
			mainGroup = 3FE5BF981F8EDF0A00ED26DE;
			productRefGroup = 3FE5BFA21F8EDF0A00ED26DE /* Products */;
			projectDirPath = "";
			projectRoot = "";
			targets = (
				3FE5BFA01F8EDF0A00ED26DE /* MAPD714-F2017-PickersTab */,
			);
		};
/* End PBXProject section */

/* Begin PBXResourcesBuildPhase section */
		3FE5BF9F1F8EDF0A00ED26DE /* Resources */ = {
			isa = PBXResourcesBuildPhase;
			buildActionMask = 2147483647;
			files = (
				3FE5BFAF1F8EDF0A00ED26DE /* LaunchScreen.storyboard in Resources */,
				3FE5BFAC1F8EDF0A00ED26DE /* Assets.xcassets in Resources */,
				3FE5BFC11F8F02ED00ED26DE /* statedictionary.plist in Resources */,
				3FE5BFAA1F8EDF0A00ED26DE /* Main.storyboard in Resources */,
			);
			runOnlyForDeploymentPostprocessing = 0;
		};
/* End PBXResourcesBuildPhase section */

/* Begin PBXSourcesBuildPhase section */
		3FE5BF9D1F8EDF0A00ED26DE /* Sources */ = {
			isa = PBXSourcesBuildPhase;
			buildActionMask = 2147483647;
			files = (
				3FE5BFA51F8EDF0A00ED26DE /* AppDelegate.swift in Sources */,
				3FE5BFBD1F8EDFC700ED26DE /* DependentComponentPickerViewController.swift in Sources */,
				3FE5BFB91F8EDFA700ED26DE /* SingleComponentPickerViewController.swift in Sources */,
				3FE5BFBF1F8EDFD100ED26DE /* CustomPickerViewController.swift in Sources */,
				3FE5BFB71F8EDF9500ED26DE /* DatePickerViewController.swift in Sources */,
				3FE5BFBB1F8EDFB800ED26DE /* DoubleComponentViewController.swift in Sources */,
			);
			runOnlyForDeploymentPostprocessing = 0;
		};
/* End PBXSourcesBuildPhase section */

/* Begin PBXVariantGroup section */
		3FE5BFA81F8EDF0A00ED26DE /* Main.storyboard */ = {
			isa = PBXVariantGroup;
			children = (
				3FE5BFA91F8EDF0A00ED26DE /* Base */,
			);
			name = Main.storyboard;
			sourceTree = "<group>";
		};
		3FE5BFAD1F8EDF0A00ED26DE /* LaunchScreen.storyboard */ = {
			isa = PBXVariantGroup;
			children = (
				3FE5BFAE1F8EDF0A00ED26DE /* Base */,
			);
			name = LaunchScreen.storyboard;
			sourceTree = "<group>";
		};
/* End PBXVariantGroup section */

/* Begin XCBuildConfiguration section */
		3FE5BFB11F8EDF0A00ED26DE /* Debug */ = {
			isa = XCBuildConfiguration;
			buildSettings = {
				ALWAYS_SEARCH_USER_PATHS = NO;
				CLANG_ANALYZER_NONNULL = YES;
				CLANG_CXX_LANGUAGE_STANDARD = "gnu++0x";
				CLANG_CXX_LIBRARY = "libc++";
				CLANG_ENABLE_MODULES = YES;
				CLANG_ENABLE_OBJC_ARC = YES;
				CLANG_WARN_BOOL_CONVERSION = YES;
				CLANG_WARN_CONSTANT_CONVERSION = YES;
				CLANG_WARN_DIRECT_OBJC_ISA_USAGE = YES_ERROR;
				CLANG_WARN_DOCUMENTATION_COMMENTS = YES;
				CLANG_WARN_EMPTY_BODY = YES;
				CLANG_WARN_ENUM_CONVERSION = YES;
				CLANG_WARN_INFINITE_RECURSION = YES;
				CLANG_WARN_INT_CONVERSION = YES;
				CLANG_WARN_OBJC_ROOT_CLASS = YES_ERROR;
				CLANG_WARN_SUSPICIOUS_MOVE = YES;
				CLANG_WARN_UNREACHABLE_CODE = YES;
				CLANG_WARN__DUPLICATE_METHOD_MATCH = YES;
				"CODE_SIGN_IDENTITY[sdk=iphoneos*]" = "iPhone Developer";
				COPY_PHASE_STRIP = NO;
				DEBUG_INFORMATION_FORMAT = dwarf;
				ENABLE_STRICT_OBJC_MSGSEND = YES;
				ENABLE_TESTABILITY = YES;
				GCC_C_LANGUAGE_STANDARD = gnu99;
				GCC_DYNAMIC_NO_PIC = NO;
				GCC_NO_COMMON_BLOCKS = YES;
				GCC_OPTIMIZATION_LEVEL = 0;
				GCC_PREPROCESSOR_DEFINITIONS = (
					"DEBUG=1",
					"$(inherited)",
				);
				GCC_WARN_64_TO_32_BIT_CONVERSION = YES;
				GCC_WARN_ABOUT_RETURN_TYPE = YES_ERROR;
				GCC_WARN_UNDECLARED_SELECTOR = YES;
				GCC_WARN_UNINITIALIZED_AUTOS = YES_AGGRESSIVE;
				GCC_WARN_UNUSED_FUNCTION = YES;
				GCC_WARN_UNUSED_VARIABLE = YES;
				IPHONEOS_DEPLOYMENT_TARGET = 10.2;
				MTL_ENABLE_DEBUG_INFO = YES;
				ONLY_ACTIVE_ARCH = YES;
				SDKROOT = iphoneos;
				SWIFT_ACTIVE_COMPILATION_CONDITIONS = DEBUG;
				SWIFT_OPTIMIZATION_LEVEL = "-Onone";
				TARGETED_DEVICE_FAMILY = "1,2";
			};
			name = Debug;
		};
		3FE5BFB21F8EDF0A00ED26DE /* Release */ = {
			isa = XCBuildConfiguration;
			buildSettings = {
				ALWAYS_SEARCH_USER_PATHS = NO;
				CLANG_ANALYZER_NONNULL = YES;
				CLANG_CXX_LANGUAGE_STANDARD = "gnu++0x";
				CLANG_CXX_LIBRARY = "libc++";
				CLANG_ENABLE_MODULES = YES;
				CLANG_ENABLE_OBJC_ARC = YES;
				CLANG_WARN_BOOL_CONVERSION = YES;
				CLANG_WARN_CONSTANT_CONVERSION = YES;
				CLANG_WARN_DIRECT_OBJC_ISA_USAGE = YES_ERROR;
				CLANG_WARN_DOCUMENTATION_COMMENTS = YES;
				CLANG_WARN_EMPTY_BODY = YES;
				CLANG_WARN_ENUM_CONVERSION = YES;
				CLANG_WARN_INFINITE_RECURSION = YES;
				CLANG_WARN_INT_CONVERSION = YES;
				CLANG_WARN_OBJC_ROOT_CLASS = YES_ERROR;
				CLANG_WARN_SUSPICIOUS_MOVE = YES;
				CLANG_WARN_UNREACHABLE_CODE = YES;
				CLANG_WARN__DUPLICATE_METHOD_MATCH = YES;
				"CODE_SIGN_IDENTITY[sdk=iphoneos*]" = "iPhone Developer";
				COPY_PHASE_STRIP = NO;
				DEBUG_INFORMATION_FORMAT = "dwarf-with-dsym";
				ENABLE_NS_ASSERTIONS = NO;
				ENABLE_STRICT_OBJC_MSGSEND = YES;
				GCC_C_LANGUAGE_STANDARD = gnu99;
				GCC_NO_COMMON_BLOCKS = YES;
				GCC_WARN_64_TO_32_BIT_CONVERSION = YES;
				GCC_WARN_ABOUT_RETURN_TYPE = YES_ERROR;
				GCC_WARN_UNDECLARED_SELECTOR = YES;
				GCC_WARN_UNINITIALIZED_AUTOS = YES_AGGRESSIVE;
				GCC_WARN_UNUSED_FUNCTION = YES;
				GCC_WARN_UNUSED_VARIABLE = YES;
				IPHONEOS_DEPLOYMENT_TARGET = 10.2;
				MTL_ENABLE_DEBUG_INFO = NO;
				SDKROOT = iphoneos;
				SWIFT_OPTIMIZATION_LEVEL = "-Owholemodule";
				TARGETED_DEVICE_FAMILY = "1,2";
				VALIDATE_PRODUCT = YES;
			};
			name = Release;
		};
		3FE5BFB41F8EDF0A00ED26DE /* Debug */ = {
			isa = XCBuildConfiguration;
			buildSettings = {
				ASSETCATALOG_COMPILER_APPICON_NAME = AppIcon;
				DEVELOPMENT_TEAM = 2BULHRS882;
				INFOPLIST_FILE = "MAPD714-F2017-PickersTab/Info.plist";
				LD_RUNPATH_SEARCH_PATHS = "$(inherited) @executable_path/Frameworks";
				PRODUCT_BUNDLE_IDENTIFIER = "com.mapd714.MAPD714-F2017-PickersTab";
				PRODUCT_NAME = "$(TARGET_NAME)";
				SWIFT_VERSION = 3.0;
			};
			name = Debug;
		};
		3FE5BFB51F8EDF0A00ED26DE /* Release */ = {
			isa = XCBuildConfiguration;
			buildSettings = {
				ASSETCATALOG_COMPILER_APPICON_NAME = AppIcon;
				DEVELOPMENT_TEAM = 2BULHRS882;
				INFOPLIST_FILE = "MAPD714-F2017-PickersTab/Info.plist";
				LD_RUNPATH_SEARCH_PATHS = "$(inherited) @executable_path/Frameworks";
				PRODUCT_BUNDLE_IDENTIFIER = "com.mapd714.MAPD714-F2017-PickersTab";
				PRODUCT_NAME = "$(TARGET_NAME)";
				SWIFT_VERSION = 3.0;
			};
			name = Release;
		};
/* End XCBuildConfiguration section */

/* Begin XCConfigurationList section */
		3FE5BF9C1F8EDF0A00ED26DE /* Build configuration list for PBXProject "MAPD714-F2017-PickersTab" */ = {
			isa = XCConfigurationList;
			buildConfigurations = (
				3FE5BFB11F8EDF0A00ED26DE /* Debug */,
				3FE5BFB21F8EDF0A00ED26DE /* Release */,
			);
			defaultConfigurationIsVisible = 0;
			defaultConfigurationName = Release;
		};
		3FE5BFB31F8EDF0A00ED26DE /* Build configuration list for PBXNativeTarget "MAPD714-F2017-PickersTab" */ = {
			isa = XCConfigurationList;
			buildConfigurations = (
				3FE5BFB41F8EDF0A00ED26DE /* Debug */,
				3FE5BFB51F8EDF0A00ED26DE /* Release */,
			);
			defaultConfigurationIsVisible = 0;
			defaultConfigurationName = Release;
		};
/* End XCConfigurationList section */
	};
	rootObject = 3FE5BF991F8EDF0A00ED26DE /* Project object */;
}
